
Microsoft Visual Studio Solution File, Format Version 12.00
#
Project("{2150E333-8FDC-42A3-9474-1A3956D46DE8}") = "Bot", "Bot", "{D4C15C65-C726-4656-B71A-3ECD1BFE0BF1}"
EndProject
Project("{2150E333-8FDC-42A3-9474-1A3956D46DE8}") = "Core", "Core", "{4B0AB378-55D2-4A88-8C5D-A665885C33CB}"
EndProject
Project("{FAE04EC0-301F-11D3-BF4B-00C04F79EFBC}") = "FOSCBot.Bot", "FOSCBot.Bot\FOSCBot.Bot.csproj", "{991625E4-8D55-4F9B-99D3-01402BE50329}"
EndProject
Project("{2150E333-8FDC-42A3-9474-1A3956D46DE8}") = ".solution-items", ".solution-items", "{82D3B8CF-6971-4906-9F7F-7838EAC2911B}"
	ProjectSection(SolutionItems) = preProject
		.dockerignore = .dockerignore
		Dockerfile = Dockerfile
		..\.github\workflows\service.yml = ..\.github\workflows\service.yml
		global.json = global.json
		..\LICENSE = ..\LICENSE
		..\README.md = ..\README.md
	EndProjectSection
EndProject
Project("{2150E333-8FDC-42A3-9474-1A3956D46DE8}") = "Infrastructure", "Infrastructure", "{4E8FA407-CF95-4FD1-B80F-AF28B4F81BA5}"
EndProject
Project("{FAE04EC0-301F-11D3-BF4B-00C04F79EFBC}") = "FOSCBot.Core", "FOSCBot.Core\FOSCBot.Core.csproj", "{92FA9FEA-9923-48BE-A1D3-520EB6F2C293}"
EndProject
Project("{FAE04EC0-301F-11D3-BF4B-00C04F79EFBC}") = "FOSCBot.Infrastructure", "FOSCBot.Infrastructure\FOSCBot.Infrastructure.csproj", "{CDE1DDC6-4FB5-4E78-98F3-52A46958B512}"
EndProject
Project("{FAE04EC0-301F-11D3-BF4B-00C04F79EFBC}") = "FOSCBot.Persistence", "FOSCBot.Persistence\FOSCBot.Persistence.csproj", "{70992B65-2E2A-4DB2-9BBD-A50566B2656F}"
EndProject
Project("{FAE04EC0-301F-11D3-BF4B-00C04F79EFBC}") = "FOSCBot.Core.Modules.SocialCredit", "FOSCBot.Core.Modules.SocialCredit\FOSCBot.Core.Modules.SocialCredit.csproj", "{D226C197-0B37-4DEB-8D72-8837B70DECF4}"
EndProject
Project("{2150E333-8FDC-42A3-9474-1A3956D46DE8}") = "Common", "Common", "{80D1D37F-E096-4AC6-BE45-255033850FB3}"
EndProject
Project("{FAE04EC0-301F-11D3-BF4B-00C04F79EFBC}") = "FOSCBot.Common", "FOSCBot.Common\FOSCBot.Common.csproj", "{0A0D9B05-4FC9-4689-8303-99DDF66BD610}"
EndProject
Global
	GlobalSection(SolutionConfigurationPlatforms) = preSolution
		Debug|Any CPU = Debug|Any CPU
		Release|Any CPU = Release|Any CPU
	EndGlobalSection
	GlobalSection(NestedProjects) = preSolution
		{991625E4-8D55-4F9B-99D3-01402BE50329} = {D4C15C65-C726-4656-B71A-3ECD1BFE0BF1}
		{92FA9FEA-9923-48BE-A1D3-520EB6F2C293} = {4B0AB378-55D2-4A88-8C5D-A665885C33CB}
		{CDE1DDC6-4FB5-4E78-98F3-52A46958B512} = {4E8FA407-CF95-4FD1-B80F-AF28B4F81BA5}
		{70992B65-2E2A-4DB2-9BBD-A50566B2656F} = {4E8FA407-CF95-4FD1-B80F-AF28B4F81BA5}
		{D226C197-0B37-4DEB-8D72-8837B70DECF4} = {4B0AB378-55D2-4A88-8C5D-A665885C33CB}
		{0A0D9B05-4FC9-4689-8303-99DDF66BD610} = {80D1D37F-E096-4AC6-BE45-255033850FB3}
	EndGlobalSection
	GlobalSection(ProjectConfigurationPlatforms) = postSolution
		{991625E4-8D55-4F9B-99D3-01402BE50329}.Debug|Any CPU.ActiveCfg = Debug|Any CPU
		{991625E4-8D55-4F9B-99D3-01402BE50329}.Debug|Any CPU.Build.0 = Debug|Any CPU
		{991625E4-8D55-4F9B-99D3-01402BE50329}.Release|Any CPU.ActiveCfg = Release|Any CPU
		{991625E4-8D55-4F9B-99D3-01402BE50329}.Release|Any CPU.Build.0 = Release|Any CPU
		{92FA9FEA-9923-48BE-A1D3-520EB6F2C293}.Debug|Any CPU.ActiveCfg = Debug|Any CPU
		{92FA9FEA-9923-48BE-A1D3-520EB6F2C293}.Debug|Any CPU.Build.0 = Debug|Any CPU
		{92FA9FEA-9923-48BE-A1D3-520EB6F2C293}.Release|Any CPU.ActiveCfg = Release|Any CPU
		{92FA9FEA-9923-48BE-A1D3-520EB6F2C293}.Release|Any CPU.Build.0 = Release|Any CPU
		{CDE1DDC6-4FB5-4E78-98F3-52A46958B512}.Debug|Any CPU.ActiveCfg = Debug|Any CPU
		{CDE1DDC6-4FB5-4E78-98F3-52A46958B512}.Debug|Any CPU.Build.0 = Debug|Any CPU
		{CDE1DDC6-4FB5-4E78-98F3-52A46958B512}.Release|Any CPU.ActiveCfg = Release|Any CPU
		{CDE1DDC6-4FB5-4E78-98F3-52A46958B512}.Release|Any CPU.Build.0 = Release|Any CPU
		{70992B65-2E2A-4DB2-9BBD-A50566B2656F}.Debug|Any CPU.ActiveCfg = Debug|Any CPU
		{70992B65-2E2A-4DB2-9BBD-A50566B2656F}.Debug|Any CPU.Build.0 = Debug|Any CPU
		{70992B65-2E2A-4DB2-9BBD-A50566B2656F}.Release|Any CPU.ActiveCfg = Release|Any CPU
		{70992B65-2E2A-4DB2-9BBD-A50566B2656F}.Release|Any CPU.Build.0 = Release|Any CPU
		{D226C197-0B37-4DEB-8D72-8837B70DECF4}.Debug|Any CPU.ActiveCfg = Debug|Any CPU
		{D226C197-0B37-4DEB-8D72-8837B70DECF4}.Debug|Any CPU.Build.0 = Debug|Any CPU
		{D226C197-0B37-4DEB-8D72-8837B70DECF4}.Release|Any CPU.ActiveCfg = Release|Any CPU
		{D226C197-0B37-4DEB-8D72-8837B70DECF4}.Release|Any CPU.Build.0 = Release|Any CPU
		{0A0D9B05-4FC9-4689-8303-99DDF66BD610}.Debug|Any CPU.ActiveCfg = Debug|Any CPU
		{0A0D9B05-4FC9-4689-8303-99DDF66BD610}.Debug|Any CPU.Build.0 = Debug|Any CPU
		{0A0D9B05-4FC9-4689-8303-99DDF66BD610}.Release|Any CPU.ActiveCfg = Release|Any CPU
		{0A0D9B05-4FC9-4689-8303-99DDF66BD610}.Release|Any CPU.Build.0 = Release|Any CPU
	EndGlobalSection
EndGlobal
